
Microsoft Visual Studio Solution File, Format Version 12.00
# Visual Studio Version 17
VisualStudioVersion = 17.1.32407.343
MinimumVisualStudioVersion = 10.0.40219.1
Project("{FAE04EC0-301F-11D3-BF4B-00C04F79EFBC}") = "ModulExam", "ModulExam.csproj", "{07B3593E-0D16-4731-B782-298859C1F14C}"
EndProject
Project("{FAE04EC0-301F-11D3-BF4B-00C04F79EFBC}") = "LibTest", "LibTest\LibTest.csproj", "{9960EBA1-28C9-435B-9661-A50428EDF3C9}"
EndProject
Project("{FAE04EC0-301F-11D3-BF4B-00C04F79EFBC}") = "BookDiscountLibrary", "BookDiscountLibrary\BookDiscountLibrary.csproj", "{9821FDBA-1C94-45A6-891A-5152E4AB387F}"
EndProject
Global
	GlobalSection(SolutionConfigurationPlatforms) = preSolution
		Debug|Any CPU = Debug|Any CPU
		Release|Any CPU = Release|Any CPU
	EndGlobalSection
	GlobalSection(ProjectConfigurationPlatforms) = postSolution
		{07B3593E-0D16-4731-B782-298859C1F14C}.Debug|Any CPU.ActiveCfg = Debug|Any CPU
		{07B3593E-0D16-4731-B782-298859C1F14C}.Debug|Any CPU.Build.0 = Debug|Any CPU
		{07B3593E-0D16-4731-B782-298859C1F14C}.Release|Any CPU.ActiveCfg = Release|Any CPU
		{07B3593E-0D16-4731-B782-298859C1F14C}.Release|Any CPU.Build.0 = Release|Any CPU
		{9960EBA1-28C9-435B-9661-A50428EDF3C9}.Debug|Any CPU.ActiveCfg = Debug|Any CPU
		{9960EBA1-28C9-435B-9661-A50428EDF3C9}.Debug|Any CPU.Build.0 = Debug|Any CPU
		{9960EBA1-28C9-435B-9661-A50428EDF3C9}.Release|Any CPU.ActiveCfg = Release|Any CPU
		{9960EBA1-28C9-435B-9661-A50428EDF3C9}.Release|Any CPU.Build.0 = Release|Any CPU
		{9821FDBA-1C94-45A6-891A-5152E4AB387F}.Debug|Any CPU.ActiveCfg = Debug|Any CPU
		{9821FDBA-1C94-45A6-891A-5152E4AB387F}.Debug|Any CPU.Build.0 = Debug|Any CPU
		{9821FDBA-1C94-45A6-891A-5152E4AB387F}.Release|Any CPU.ActiveCfg = Release|Any CPU
		{9821FDBA-1C94-45A6-891A-5152E4AB387F}.Release|Any CPU.Build.0 = Release|Any CPU
	EndGlobalSection
	GlobalSection(SolutionProperties) = preSolution
		HideSolutionNode = FALSE
	EndGlobalSection
	GlobalSection(ExtensibilityGlobals) = postSolution
		SolutionGuid = {CD820125-11F7-462C-ACF1-8013203116E1}
	EndGlobalSection
EndGlobal
